
Microsoft Visual Studio Solution File, Format Version 12.00
# Visual Studio Version 17
VisualStudioVersion = 17.7.33920.267
MinimumVisualStudioVersion = 10.0.40219.1
Project("{9A19103F-16F7-4668-BE54-9A1E7A4F7556}") = "Habit App", "Habit App\Habit App.csproj", "{5CDA72AD-6DA0-4732-9FB0-514F9A1A2B1F}"
EndProject
Project("{9A19103F-16F7-4668-BE54-9A1E7A4F7556}") = "Habit App Data", "Habit App Data\Habit App Data.csproj", "{C9F625EF-D5FA-417A-8B0D-412003A0E5EB}"
EndProject
Project("{9A19103F-16F7-4668-BE54-9A1E7A4F7556}") = "Habit App Models", "Habit App Models\Habit App Models.csproj", "{9388C6C7-6EBF-4A73-AB4C-2B3071BE68EA}"
EndProject
Project("{FAE04EC0-301F-11D3-BF4B-00C04F79EFBC}") = "Habit App SD", "Habit App SD\Habit App SD.csproj", "{369602D4-C75F-45C2-8C64-A1E3B818F9E1}"
EndProject
Global
	GlobalSection(SolutionConfigurationPlatforms) = preSolution
		Debug|Any CPU = Debug|Any CPU
		Release|Any CPU = Release|Any CPU
	EndGlobalSection
	GlobalSection(ProjectConfigurationPlatforms) = postSolution
		{5CDA72AD-6DA0-4732-9FB0-514F9A1A2B1F}.Debug|Any CPU.ActiveCfg = Debug|Any CPU
		{5CDA72AD-6DA0-4732-9FB0-514F9A1A2B1F}.Debug|Any CPU.Build.0 = Debug|Any CPU
		{5CDA72AD-6DA0-4732-9FB0-514F9A1A2B1F}.Release|Any CPU.ActiveCfg = Release|Any CPU
		{5CDA72AD-6DA0-4732-9FB0-514F9A1A2B1F}.Release|Any CPU.Build.0 = Release|Any CPU
		{C9F625EF-D5FA-417A-8B0D-412003A0E5EB}.Debug|Any CPU.ActiveCfg = Debug|Any CPU
		{C9F625EF-D5FA-417A-8B0D-412003A0E5EB}.Debug|Any CPU.Build.0 = Debug|Any CPU
		{C9F625EF-D5FA-417A-8B0D-412003A0E5EB}.Release|Any CPU.ActiveCfg = Release|Any CPU
		{C9F625EF-D5FA-417A-8B0D-412003A0E5EB}.Release|Any CPU.Build.0 = Release|Any CPU
		{9388C6C7-6EBF-4A73-AB4C-2B3071BE68EA}.Debug|Any CPU.ActiveCfg = Debug|Any CPU
		{9388C6C7-6EBF-4A73-AB4C-2B3071BE68EA}.Debug|Any CPU.Build.0 = Debug|Any CPU
		{9388C6C7-6EBF-4A73-AB4C-2B3071BE68EA}.Release|Any CPU.ActiveCfg = Release|Any CPU
		{9388C6C7-6EBF-4A73-AB4C-2B3071BE68EA}.Release|Any CPU.Build.0 = Release|Any CPU
		{369602D4-C75F-45C2-8C64-A1E3B818F9E1}.Debug|Any CPU.ActiveCfg = Debug|Any CPU
		{369602D4-C75F-45C2-8C64-A1E3B818F9E1}.Debug|Any CPU.Build.0 = Debug|Any CPU
		{369602D4-C75F-45C2-8C64-A1E3B818F9E1}.Release|Any CPU.ActiveCfg = Release|Any CPU
		{369602D4-C75F-45C2-8C64-A1E3B818F9E1}.Release|Any CPU.Build.0 = Release|Any CPU
	EndGlobalSection
	GlobalSection(SolutionProperties) = preSolution
		HideSolutionNode = FALSE
	EndGlobalSection
	GlobalSection(ExtensibilityGlobals) = postSolution
		SolutionGuid = {66A7194A-C011-4D77-AD5A-A32B7AFF48AB}
	EndGlobalSection
EndGlobal
